# This file is autogenerated, do not edit; changes may be undone by the next 'dep ensure'.


[[projects]]
  digest = "1:c6502cd848a89b1d62ed82ba5f20546444d3028879f4af40368e489fa962ba9f"
  name = "github.com/segmentio/kafka-go"
  packages = ["."]
  pruneopts = "UT"
  revision = "0b3aacc527812d4040e51211146a43545e82d670"
  version = "v0.2.2"

[solve-meta]
  analyzer-name = "dep"
  analyzer-version = 1
  input-imports = ["github.com/segmentio/kafka-go"]
  solver-name = "gps-cdcl"
  solver-version = 1
